
Microsoft Visual Studio Solution File, Format Version 12.00
# Visual Studio Version 16
VisualStudioVersion = 16.0.32602.291
MinimumVisualStudioVersion = 10.0.40219.1
Project("{FAE04EC0-301F-11D3-BF4B-00C04F79EFBC}") = "EuroSound Explorer", "sb_explorer\EuroSound Explorer.csproj", "{2997D5F2-6E04-4411-A467-221282D715B3}"
EndProject
Project("{FAE04EC0-301F-11D3-BF4B-00C04F79EFBC}") = "EuroSound Extractor", "EuroSound Extractor\EuroSound Extractor.csproj", "{5D5AC0FC-C055-4EF3-ACC4-7955536F822F}"
EndProject
Global
	GlobalSection(SolutionConfigurationPlatforms) = preSolution
		Debug|Any CPU = Debug|Any CPU
		Release|Any CPU = Release|Any CPU
	EndGlobalSection
	GlobalSection(ProjectConfigurationPlatforms) = postSolution
		{2997D5F2-6E04-4411-A467-221282D715B3}.Debug|Any CPU.ActiveCfg = Debug|Any CPU
		{2997D5F2-6E04-4411-A467-221282D715B3}.Debug|Any CPU.Build.0 = Debug|Any CPU
		{2997D5F2-6E04-4411-A467-221282D715B3}.Release|Any CPU.ActiveCfg = Release|Any CPU
		{2997D5F2-6E04-4411-A467-221282D715B3}.Release|Any CPU.Build.0 = Release|Any CPU
		{5D5AC0FC-C055-4EF3-ACC4-7955536F822F}.Debug|Any CPU.ActiveCfg = Debug|Any CPU
		{5D5AC0FC-C055-4EF3-ACC4-7955536F822F}.Debug|Any CPU.Build.0 = Debug|Any CPU
		{5D5AC0FC-C055-4EF3-ACC4-7955536F822F}.Release|Any CPU.ActiveCfg = Release|Any CPU
		{5D5AC0FC-C055-4EF3-ACC4-7955536F822F}.Release|Any CPU.Build.0 = Release|Any CPU
	EndGlobalSection
	GlobalSection(SolutionProperties) = preSolution
		HideSolutionNode = FALSE
	EndGlobalSection
	GlobalSection(ExtensibilityGlobals) = postSolution
		SolutionGuid = {CA22C96D-AE45-4CB7-83E4-B1C120F667FE}
	EndGlobalSection
EndGlobal
